{
  "pins" : [
    {
      "identity" : "generic-json",
      "kind" : "remoteSourceControl",
      "location" : "https://github.com/Frizlab/generic-json.git",
      "state" : {
        "revision" : "273aafe64f759786d391d230ed30d16ace3213ee",
        "version" : "3.1.2"
      }
    },
    {
      "identity" : "swift-log",
      "kind" : "remoteSourceControl",
      "location" : "https://github.com/apple/swift-log.git",
      "state" : {
        "revision" : "96a2f8a0fa41e9e09af4585e2724c4e825410b91",
        "version" : "1.6.2"
      }
    }
  ],
  "version" : 2
}
