{
  "object": {
    "pins": [
      {
        "package": "GenericJSON",
        "repositoryURL": "https://github.com/Frizlab/generic-json.git",
        "state": {
          "branch": null,
          "revision": "1546c2a3ad995f2c7c6479cf9e8cb9ebb80a2578",
          "version": "3.1.3"
        }
      },
      {
        "package": "swift-log",
        "repositoryURL": "https://github.com/apple/swift-log.git",
        "state": {
          "branch": null,
          "revision": "e97a6fcb1ab07462881ac165fdbb37f067e205d5",
          "version": "1.5.4"
        }
      }
    ]
  },
  "version": 1
}
